
Microsoft Visual Studio Solution File, Format Version 12.00
# Visual Studio Version 17
VisualStudioVersion = 17.9.34320.27
MinimumVisualStudioVersion = 10.0.40219.1
Project("{FAE04EC0-301F-11D3-BF4B-00C04F79EFBC}") = "TestConsoleApp", "TestConsoleApp\TestConsoleApp.csproj", "{2CB391B6-12CD-4AB4-9100-C1D5A6C75480}"
EndProject
Global
	GlobalSection(SolutionConfigurationPlatforms) = preSolution
		Debug|Any CPU = Debug|Any CPU
		Release|Any CPU = Release|Any CPU
	EndGlobalSection
	GlobalSection(ProjectConfigurationPlatforms) = postSolution
		{2CB391B6-12CD-4AB4-9100-C1D5A6C75480}.Debug|Any CPU.ActiveCfg = Debug|Any CPU
		{2CB391B6-12CD-4AB4-9100-C1D5A6C75480}.Debug|Any CPU.Build.0 = Debug|Any CPU
		{2CB391B6-12CD-4AB4-9100-C1D5A6C75480}.Release|Any CPU.ActiveCfg = Release|Any CPU
		{2CB391B6-12CD-4AB4-9100-C1D5A6C75480}.Release|Any CPU.Build.0 = Release|Any CPU
	EndGlobalSection
	GlobalSection(SolutionProperties) = preSolution
		HideSolutionNode = FALSE
	EndGlobalSection
	GlobalSection(ExtensibilityGlobals) = postSolution
		SolutionGuid = {4EB3749B-4EA5-495C-83A0-52A527069A3D}
	EndGlobalSection
EndGlobal
